
Microsoft Visual Studio Solution File, Format Version 12.00
# Visual Studio Version 17
VisualStudioVersion = 17.10.35013.160
MinimumVisualStudioVersion = 10.0.40219.1
Project("{9A19103F-16F7-4668-BE54-9A1E7A4F7556}") = "WebApiExample", "WebApiExample\WebApiExample.csproj", "{5313BC0C-2B89-48E0-A9D2-54A7FB9896A0}"
EndProject
Project("{9A19103F-16F7-4668-BE54-9A1E7A4F7556}") = "UnitTests", "UnitTests\UnitTests.csproj", "{C4BFCC9F-A903-4284-A841-D1F6C5E7E595}"
EndProject
Project("{2150E333-8FDC-42A3-9474-1A3956D46DE8}") = "Solution Items", "Solution Items", "{D03EC35D-CBC9-473C-BC5B-0A437D966705}"
	ProjectSection(SolutionItems) = preProject
		.editorconfig = .editorconfig
	EndProjectSection
EndProject
Project("{FAE04EC0-301F-11D3-BF4B-00C04F79EFBC}") = "Domain", "Domain\Domain.csproj", "{EAD1C276-AFBB-4E86-9604-01E4102AAF29}"
EndProject
Project("{FAE04EC0-301F-11D3-BF4B-00C04F79EFBC}") = "Application", "Application\Application.csproj", "{9FD85958-4164-476A-AB76-68A47F7ABB08}"
EndProject
Project("{FAE04EC0-301F-11D3-BF4B-00C04F79EFBC}") = "Infrastructure", "Infrastructure\Infrastructure.csproj", "{EC87F86F-CFA1-4B2D-97F3-D4DC17157F45}"
EndProject
Project("{2150E333-8FDC-42A3-9474-1A3956D46DE8}") = "Tests", "Tests", "{A9AD0ACB-7D87-4DCB-BBD3-4AD7422F0057}"
EndProject
Project("{FAE04EC0-301F-11D3-BF4B-00C04F79EFBC}") = "Application.UnitTests", "Tests\Application.UnitTests\Application.UnitTests.csproj", "{87E4FB96-6516-4EBF-9688-BF635E48E56C}"
EndProject
Project("{FAE04EC0-301F-11D3-BF4B-00C04F79EFBC}") = "Infrastructure.IntegrationTests", "Tests\Infrastructure.IntegrationTests\Infrastructure.IntegrationTests.csproj", "{4ACD00FC-F3F6-4FC8-A918-CB8ECA0C64CE}"
EndProject
Project("{FAE04EC0-301F-11D3-BF4B-00C04F79EFBC}") = "Infrastructure.UnitTests", "Tests\Infrastructure.UnitTests\Infrastructure.UnitTests.csproj", "{5C70666C-012F-4F1D-8203-22AAC2C3F9FB}"
EndProject
Global
	GlobalSection(SolutionConfigurationPlatforms) = preSolution
		Debug|Any CPU = Debug|Any CPU
		Release|Any CPU = Release|Any CPU
	EndGlobalSection
	GlobalSection(ProjectConfigurationPlatforms) = postSolution
		{5313BC0C-2B89-48E0-A9D2-54A7FB9896A0}.Debug|Any CPU.ActiveCfg = Debug|Any CPU
		{5313BC0C-2B89-48E0-A9D2-54A7FB9896A0}.Debug|Any CPU.Build.0 = Debug|Any CPU
		{5313BC0C-2B89-48E0-A9D2-54A7FB9896A0}.Release|Any CPU.ActiveCfg = Release|Any CPU
		{5313BC0C-2B89-48E0-A9D2-54A7FB9896A0}.Release|Any CPU.Build.0 = Release|Any CPU
		{C4BFCC9F-A903-4284-A841-D1F6C5E7E595}.Debug|Any CPU.ActiveCfg = Debug|Any CPU
		{C4BFCC9F-A903-4284-A841-D1F6C5E7E595}.Debug|Any CPU.Build.0 = Debug|Any CPU
		{C4BFCC9F-A903-4284-A841-D1F6C5E7E595}.Release|Any CPU.ActiveCfg = Release|Any CPU
		{C4BFCC9F-A903-4284-A841-D1F6C5E7E595}.Release|Any CPU.Build.0 = Release|Any CPU
		{EAD1C276-AFBB-4E86-9604-01E4102AAF29}.Debug|Any CPU.ActiveCfg = Debug|Any CPU
		{EAD1C276-AFBB-4E86-9604-01E4102AAF29}.Debug|Any CPU.Build.0 = Debug|Any CPU
		{EAD1C276-AFBB-4E86-9604-01E4102AAF29}.Release|Any CPU.ActiveCfg = Release|Any CPU
		{EAD1C276-AFBB-4E86-9604-01E4102AAF29}.Release|Any CPU.Build.0 = Release|Any CPU
		{9FD85958-4164-476A-AB76-68A47F7ABB08}.Debug|Any CPU.ActiveCfg = Debug|Any CPU
		{9FD85958-4164-476A-AB76-68A47F7ABB08}.Debug|Any CPU.Build.0 = Debug|Any CPU
		{9FD85958-4164-476A-AB76-68A47F7ABB08}.Release|Any CPU.ActiveCfg = Release|Any CPU
		{9FD85958-4164-476A-AB76-68A47F7ABB08}.Release|Any CPU.Build.0 = Release|Any CPU
		{EC87F86F-CFA1-4B2D-97F3-D4DC17157F45}.Debug|Any CPU.ActiveCfg = Debug|Any CPU
		{EC87F86F-CFA1-4B2D-97F3-D4DC17157F45}.Debug|Any CPU.Build.0 = Debug|Any CPU
		{EC87F86F-CFA1-4B2D-97F3-D4DC17157F45}.Release|Any CPU.ActiveCfg = Release|Any CPU
		{EC87F86F-CFA1-4B2D-97F3-D4DC17157F45}.Release|Any CPU.Build.0 = Release|Any CPU
		{87E4FB96-6516-4EBF-9688-BF635E48E56C}.Debug|Any CPU.ActiveCfg = Debug|Any CPU
		{87E4FB96-6516-4EBF-9688-BF635E48E56C}.Debug|Any CPU.Build.0 = Debug|Any CPU
		{87E4FB96-6516-4EBF-9688-BF635E48E56C}.Release|Any CPU.ActiveCfg = Release|Any CPU
		{87E4FB96-6516-4EBF-9688-BF635E48E56C}.Release|Any CPU.Build.0 = Release|Any CPU
		{4ACD00FC-F3F6-4FC8-A918-CB8ECA0C64CE}.Debug|Any CPU.ActiveCfg = Debug|Any CPU
		{4ACD00FC-F3F6-4FC8-A918-CB8ECA0C64CE}.Debug|Any CPU.Build.0 = Debug|Any CPU
		{4ACD00FC-F3F6-4FC8-A918-CB8ECA0C64CE}.Release|Any CPU.ActiveCfg = Release|Any CPU
		{4ACD00FC-F3F6-4FC8-A918-CB8ECA0C64CE}.Release|Any CPU.Build.0 = Release|Any CPU
		{5C70666C-012F-4F1D-8203-22AAC2C3F9FB}.Debug|Any CPU.ActiveCfg = Debug|Any CPU
		{5C70666C-012F-4F1D-8203-22AAC2C3F9FB}.Debug|Any CPU.Build.0 = Debug|Any CPU
		{5C70666C-012F-4F1D-8203-22AAC2C3F9FB}.Release|Any CPU.ActiveCfg = Release|Any CPU
		{5C70666C-012F-4F1D-8203-22AAC2C3F9FB}.Release|Any CPU.Build.0 = Release|Any CPU
	EndGlobalSection
	GlobalSection(SolutionProperties) = preSolution
		HideSolutionNode = FALSE
	EndGlobalSection
	GlobalSection(NestedProjects) = preSolution
		{87E4FB96-6516-4EBF-9688-BF635E48E56C} = {A9AD0ACB-7D87-4DCB-BBD3-4AD7422F0057}
		{4ACD00FC-F3F6-4FC8-A918-CB8ECA0C64CE} = {A9AD0ACB-7D87-4DCB-BBD3-4AD7422F0057}
		{5C70666C-012F-4F1D-8203-22AAC2C3F9FB} = {A9AD0ACB-7D87-4DCB-BBD3-4AD7422F0057}
	EndGlobalSection
	GlobalSection(ExtensibilityGlobals) = postSolution
		SolutionGuid = {06FC983F-328D-411C-A3D4-939AF966F4F8}
	EndGlobalSection
EndGlobal
